
Microsoft Visual Studio Solution File, Format Version 12.00
# Visual Studio 15
Project("{FAE04EC0-301F-11D3-BF4B-00C04F79EFBC}") = "Oculus.Platform", "Oculus.Platform.csproj", "{70FC6D56-E562-0610-0036-809B87F23BE2}"
EndProject
Project("{FAE04EC0-301F-11D3-BF4B-00C04F79EFBC}") = "Assembly-CSharp", "Assembly-CSharp.csproj", "{EDFAD771-BFEC-488E-9121-44CE0C9058AE}"
EndProject
Project("{FAE04EC0-301F-11D3-BF4B-00C04F79EFBC}") = "Oculus.Spatializer", "Oculus.Spatializer.csproj", "{9619D43F-5DBA-BBDA-0294-AEEB14BA0B4F}"
EndProject
Project("{FAE04EC0-301F-11D3-BF4B-00C04F79EFBC}") = "Oculus.Interaction", "Oculus.Interaction.csproj", "{A2E7C0EB-FDF9-F840-96DB-AE69664B9C4C}"
EndProject
Project("{FAE04EC0-301F-11D3-BF4B-00C04F79EFBC}") = "Oculus.VR", "Oculus.VR.csproj", "{A74811FE-96F3-D506-3CBD-91B53FFBF428}"
EndProject
Project("{FAE04EC0-301F-11D3-BF4B-00C04F79EFBC}") = "Oculus.Interaction.Samples", "Oculus.Interaction.Samples.csproj", "{E92AFC68-BF13-F468-ECBC-E3B0A8C0B27E}"
EndProject
Project("{FAE04EC0-301F-11D3-BF4B-00C04F79EFBC}") = "Facebook.WitAI", "Facebook.WitAI.csproj", "{88725284-DAD9-24AA-8F24-AC8074136872}"
EndProject
Project("{FAE04EC0-301F-11D3-BF4B-00C04F79EFBC}") = "Oculus.AudioManager", "Oculus.AudioManager.csproj", "{3309E736-4057-47DA-EC3F-AD12C98A84AD}"
EndProject
Project("{FAE04EC0-301F-11D3-BF4B-00C04F79EFBC}") = "VoiceSDK.Runtime", "VoiceSDK.Runtime.csproj", "{849CE096-E47A-57D1-E9EF-3A101C5F0DBF}"
EndProject
Project("{FAE04EC0-301F-11D3-BF4B-00C04F79EFBC}") = "Oculus.Voice.Demo", "Oculus.Voice.Demo.csproj", "{BDA54E6B-AB83-E178-A186-7001CB2311C7}"
EndProject
Project("{FAE04EC0-301F-11D3-BF4B-00C04F79EFBC}") = "AssistantCoreSDKRuntime", "AssistantCoreSDKRuntime.csproj", "{DD12B66B-8260-3BC1-6AA4-FF8AC585314F}"
EndProject
Project("{FAE04EC0-301F-11D3-BF4B-00C04F79EFBC}") = "Oculus.LipSync", "Oculus.LipSync.csproj", "{76A525B9-B2A0-77E6-721A-BA81CA31A7E0}"
EndProject
Project("{FAE04EC0-301F-11D3-BF4B-00C04F79EFBC}") = "Oculus.Spatializer.Editor", "Oculus.Spatializer.Editor.csproj", "{815A7E8B-73DC-6C61-7B66-B5DEFC2B1AF2}"
EndProject
Project("{FAE04EC0-301F-11D3-BF4B-00C04F79EFBC}") = "Oculus.Interaction.Editor", "Oculus.Interaction.Editor.csproj", "{9A8C9336-F380-C7A4-080A-8BE0D940808F}"
EndProject
Project("{FAE04EC0-301F-11D3-BF4B-00C04F79EFBC}") = "Facebook.Wit.Editor", "Facebook.Wit.Editor.csproj", "{FAB56444-7EEA-2B65-38B1-9025F6F805A3}"
EndProject
Project("{FAE04EC0-301F-11D3-BF4B-00C04F79EFBC}") = "Assembly-CSharp-Editor", "Assembly-CSharp-Editor.csproj", "{A9FC96E5-E1C7-E42A-A1BB-9065D8BA3B4F}"
EndProject
Project("{FAE04EC0-301F-11D3-BF4B-00C04F79EFBC}") = "Oculus.VR.Editor", "Oculus.VR.Editor.csproj", "{04E7EB1F-CE94-B45B-FDB5-1D1672BCAE84}"
EndProject
Project("{FAE04EC0-301F-11D3-BF4B-00C04F79EFBC}") = "VoiceSDK.Editor", "VoiceSDK.Editor.csproj", "{D64076F8-B98C-D8CE-5EBC-AD34B2C57261}"
EndProject
Project("{FAE04EC0-301F-11D3-BF4B-00C04F79EFBC}") = "Oculus.Platform.Editor", "Oculus.Platform.Editor.csproj", "{7563C6E8-D1C9-B9DC-D7A6-CD74355D9469}"
EndProject
Project("{FAE04EC0-301F-11D3-BF4B-00C04F79EFBC}") = "Oculus.AudioManager.Audio.Editor", "Oculus.AudioManager.Audio.Editor.csproj", "{9BA95C26-162F-CAF9-A1E4-0ED3F957B778}"
EndProject
Project("{FAE04EC0-301F-11D3-BF4B-00C04F79EFBC}") = "Oculus.Interaction.InterfaceSupport", "Oculus.Interaction.InterfaceSupport.csproj", "{77013115-B0EC-BF4A-2D98-B474154C1D32}"
EndProject
Project("{FAE04EC0-301F-11D3-BF4B-00C04F79EFBC}") = "Oculus.VR.Scripts.Editor", "Oculus.VR.Scripts.Editor.csproj", "{6D45E2C2-931F-6DAC-5F98-979738A01BF9}"
EndProject
Project("{FAE04EC0-301F-11D3-BF4B-00C04F79EFBC}") = "Oculus.LipSync.Editor", "Oculus.LipSync.Editor.csproj", "{828F9EE2-5DC4-C067-30E8-2CF25D145371}"
EndProject
Project("{FAE04EC0-301F-11D3-BF4B-00C04F79EFBC}") = "AssistantCoreSDKEditor", "AssistantCoreSDKEditor.csproj", "{B402B14F-E45B-6C6C-67F0-DCC6C0198B61}"
EndProject
Project("{FAE04EC0-301F-11D3-BF4B-00C04F79EFBC}") = "Oculus.AudioManager.Utils.Editor", "Oculus.AudioManager.Utils.Editor.csproj", "{E6A4105D-DEBB-6B6C-7D0E-3CFD3003CB7E}"
EndProject
Global
	GlobalSection(SolutionConfigurationPlatforms) = preSolution
		Debug|Any CPU = Debug|Any CPU
		Release|Any CPU = Release|Any CPU
	EndGlobalSection
	GlobalSection(ProjectConfigurationPlatforms) = postSolution
		{70FC6D56-E562-0610-0036-809B87F23BE2}.Debug|Any CPU.ActiveCfg = Debug|Any CPU
		{70FC6D56-E562-0610-0036-809B87F23BE2}.Debug|Any CPU.Build.0 = Debug|Any CPU
		{70FC6D56-E562-0610-0036-809B87F23BE2}.Release|Any CPU.ActiveCfg = Release|Any CPU
		{70FC6D56-E562-0610-0036-809B87F23BE2}.Release|Any CPU.Build.0 = Release|Any CPU
		{EDFAD771-BFEC-488E-9121-44CE0C9058AE}.Debug|Any CPU.ActiveCfg = Debug|Any CPU
		{EDFAD771-BFEC-488E-9121-44CE0C9058AE}.Debug|Any CPU.Build.0 = Debug|Any CPU
		{EDFAD771-BFEC-488E-9121-44CE0C9058AE}.Release|Any CPU.ActiveCfg = Release|Any CPU
		{EDFAD771-BFEC-488E-9121-44CE0C9058AE}.Release|Any CPU.Build.0 = Release|Any CPU
		{9619D43F-5DBA-BBDA-0294-AEEB14BA0B4F}.Debug|Any CPU.ActiveCfg = Debug|Any CPU
		{9619D43F-5DBA-BBDA-0294-AEEB14BA0B4F}.Debug|Any CPU.Build.0 = Debug|Any CPU
		{9619D43F-5DBA-BBDA-0294-AEEB14BA0B4F}.Release|Any CPU.ActiveCfg = Release|Any CPU
		{9619D43F-5DBA-BBDA-0294-AEEB14BA0B4F}.Release|Any CPU.Build.0 = Release|Any CPU
		{A2E7C0EB-FDF9-F840-96DB-AE69664B9C4C}.Debug|Any CPU.ActiveCfg = Debug|Any CPU
		{A2E7C0EB-FDF9-F840-96DB-AE69664B9C4C}.Debug|Any CPU.Build.0 = Debug|Any CPU
		{A2E7C0EB-FDF9-F840-96DB-AE69664B9C4C}.Release|Any CPU.ActiveCfg = Release|Any CPU
		{A2E7C0EB-FDF9-F840-96DB-AE69664B9C4C}.Release|Any CPU.Build.0 = Release|Any CPU
		{A74811FE-96F3-D506-3CBD-91B53FFBF428}.Debug|Any CPU.ActiveCfg = Debug|Any CPU
		{A74811FE-96F3-D506-3CBD-91B53FFBF428}.Debug|Any CPU.Build.0 = Debug|Any CPU
		{A74811FE-96F3-D506-3CBD-91B53FFBF428}.Release|Any CPU.ActiveCfg = Release|Any CPU
		{A74811FE-96F3-D506-3CBD-91B53FFBF428}.Release|Any CPU.Build.0 = Release|Any CPU
		{E92AFC68-BF13-F468-ECBC-E3B0A8C0B27E}.Debug|Any CPU.ActiveCfg = Debug|Any CPU
		{E92AFC68-BF13-F468-ECBC-E3B0A8C0B27E}.Debug|Any CPU.Build.0 = Debug|Any CPU
		{E92AFC68-BF13-F468-ECBC-E3B0A8C0B27E}.Release|Any CPU.ActiveCfg = Release|Any CPU
		{E92AFC68-BF13-F468-ECBC-E3B0A8C0B27E}.Release|Any CPU.Build.0 = Release|Any CPU
		{88725284-DAD9-24AA-8F24-AC8074136872}.Debug|Any CPU.ActiveCfg = Debug|Any CPU
		{88725284-DAD9-24AA-8F24-AC8074136872}.Debug|Any CPU.Build.0 = Debug|Any CPU
		{88725284-DAD9-24AA-8F24-AC8074136872}.Release|Any CPU.ActiveCfg = Release|Any CPU
		{88725284-DAD9-24AA-8F24-AC8074136872}.Release|Any CPU.Build.0 = Release|Any CPU
		{3309E736-4057-47DA-EC3F-AD12C98A84AD}.Debug|Any CPU.ActiveCfg = Debug|Any CPU
		{3309E736-4057-47DA-EC3F-AD12C98A84AD}.Debug|Any CPU.Build.0 = Debug|Any CPU
		{3309E736-4057-47DA-EC3F-AD12C98A84AD}.Release|Any CPU.ActiveCfg = Release|Any CPU
		{3309E736-4057-47DA-EC3F-AD12C98A84AD}.Release|Any CPU.Build.0 = Release|Any CPU
		{849CE096-E47A-57D1-E9EF-3A101C5F0DBF}.Debug|Any CPU.ActiveCfg = Debug|Any CPU
		{849CE096-E47A-57D1-E9EF-3A101C5F0DBF}.Debug|Any CPU.Build.0 = Debug|Any CPU
		{849CE096-E47A-57D1-E9EF-3A101C5F0DBF}.Release|Any CPU.ActiveCfg = Release|Any CPU
		{849CE096-E47A-57D1-E9EF-3A101C5F0DBF}.Release|Any CPU.Build.0 = Release|Any CPU
		{BDA54E6B-AB83-E178-A186-7001CB2311C7}.Debug|Any CPU.ActiveCfg = Debug|Any CPU
		{BDA54E6B-AB83-E178-A186-7001CB2311C7}.Debug|Any CPU.Build.0 = Debug|Any CPU
		{BDA54E6B-AB83-E178-A186-7001CB2311C7}.Release|Any CPU.ActiveCfg = Release|Any CPU
		{BDA54E6B-AB83-E178-A186-7001CB2311C7}.Release|Any CPU.Build.0 = Release|Any CPU
		{DD12B66B-8260-3BC1-6AA4-FF8AC585314F}.Debug|Any CPU.ActiveCfg = Debug|Any CPU
		{DD12B66B-8260-3BC1-6AA4-FF8AC585314F}.Debug|Any CPU.Build.0 = Debug|Any CPU
		{DD12B66B-8260-3BC1-6AA4-FF8AC585314F}.Release|Any CPU.ActiveCfg = Release|Any CPU
		{DD12B66B-8260-3BC1-6AA4-FF8AC585314F}.Release|Any CPU.Build.0 = Release|Any CPU
		{76A525B9-B2A0-77E6-721A-BA81CA31A7E0}.Debug|Any CPU.ActiveCfg = Debug|Any CPU
		{76A525B9-B2A0-77E6-721A-BA81CA31A7E0}.Debug|Any CPU.Build.0 = Debug|Any CPU
		{76A525B9-B2A0-77E6-721A-BA81CA31A7E0}.Release|Any CPU.ActiveCfg = Release|Any CPU
		{76A525B9-B2A0-77E6-721A-BA81CA31A7E0}.Release|Any CPU.Build.0 = Release|Any CPU
		{815A7E8B-73DC-6C61-7B66-B5DEFC2B1AF2}.Debug|Any CPU.ActiveCfg = Debug|Any CPU
		{815A7E8B-73DC-6C61-7B66-B5DEFC2B1AF2}.Debug|Any CPU.Build.0 = Debug|Any CPU
		{815A7E8B-73DC-6C61-7B66-B5DEFC2B1AF2}.Release|Any CPU.ActiveCfg = Release|Any CPU
		{815A7E8B-73DC-6C61-7B66-B5DEFC2B1AF2}.Release|Any CPU.Build.0 = Release|Any CPU
		{9A8C9336-F380-C7A4-080A-8BE0D940808F}.Debug|Any CPU.ActiveCfg = Debug|Any CPU
		{9A8C9336-F380-C7A4-080A-8BE0D940808F}.Debug|Any CPU.Build.0 = Debug|Any CPU
		{9A8C9336-F380-C7A4-080A-8BE0D940808F}.Release|Any CPU.ActiveCfg = Release|Any CPU
		{9A8C9336-F380-C7A4-080A-8BE0D940808F}.Release|Any CPU.Build.0 = Release|Any CPU
		{FAB56444-7EEA-2B65-38B1-9025F6F805A3}.Debug|Any CPU.ActiveCfg = Debug|Any CPU
		{FAB56444-7EEA-2B65-38B1-9025F6F805A3}.Debug|Any CPU.Build.0 = Debug|Any CPU
		{FAB56444-7EEA-2B65-38B1-9025F6F805A3}.Release|Any CPU.ActiveCfg = Release|Any CPU
		{FAB56444-7EEA-2B65-38B1-9025F6F805A3}.Release|Any CPU.Build.0 = Release|Any CPU
		{A9FC96E5-E1C7-E42A-A1BB-9065D8BA3B4F}.Debug|Any CPU.ActiveCfg = Debug|Any CPU
		{A9FC96E5-E1C7-E42A-A1BB-9065D8BA3B4F}.Debug|Any CPU.Build.0 = Debug|Any CPU
		{A9FC96E5-E1C7-E42A-A1BB-9065D8BA3B4F}.Release|Any CPU.ActiveCfg = Release|Any CPU
		{A9FC96E5-E1C7-E42A-A1BB-9065D8BA3B4F}.Release|Any CPU.Build.0 = Release|Any CPU
		{04E7EB1F-CE94-B45B-FDB5-1D1672BCAE84}.Debug|Any CPU.ActiveCfg = Debug|Any CPU
		{04E7EB1F-CE94-B45B-FDB5-1D1672BCAE84}.Debug|Any CPU.Build.0 = Debug|Any CPU
		{04E7EB1F-CE94-B45B-FDB5-1D1672BCAE84}.Release|Any CPU.ActiveCfg = Release|Any CPU
		{04E7EB1F-CE94-B45B-FDB5-1D1672BCAE84}.Release|Any CPU.Build.0 = Release|Any CPU
		{D64076F8-B98C-D8CE-5EBC-AD34B2C57261}.Debug|Any CPU.ActiveCfg = Debug|Any CPU
		{D64076F8-B98C-D8CE-5EBC-AD34B2C57261}.Debug|Any CPU.Build.0 = Debug|Any CPU
		{D64076F8-B98C-D8CE-5EBC-AD34B2C57261}.Release|Any CPU.ActiveCfg = Release|Any CPU
		{D64076F8-B98C-D8CE-5EBC-AD34B2C57261}.Release|Any CPU.Build.0 = Release|Any CPU
		{7563C6E8-D1C9-B9DC-D7A6-CD74355D9469}.Debug|Any CPU.ActiveCfg = Debug|Any CPU
		{7563C6E8-D1C9-B9DC-D7A6-CD74355D9469}.Debug|Any CPU.Build.0 = Debug|Any CPU
		{7563C6E8-D1C9-B9DC-D7A6-CD74355D9469}.Release|Any CPU.ActiveCfg = Release|Any CPU
		{7563C6E8-D1C9-B9DC-D7A6-CD74355D9469}.Release|Any CPU.Build.0 = Release|Any CPU
		{9BA95C26-162F-CAF9-A1E4-0ED3F957B778}.Debug|Any CPU.ActiveCfg = Debug|Any CPU
		{9BA95C26-162F-CAF9-A1E4-0ED3F957B778}.Debug|Any CPU.Build.0 = Debug|Any CPU
		{9BA95C26-162F-CAF9-A1E4-0ED3F957B778}.Release|Any CPU.ActiveCfg = Release|Any CPU
		{9BA95C26-162F-CAF9-A1E4-0ED3F957B778}.Release|Any CPU.Build.0 = Release|Any CPU
		{77013115-B0EC-BF4A-2D98-B474154C1D32}.Debug|Any CPU.ActiveCfg = Debug|Any CPU
		{77013115-B0EC-BF4A-2D98-B474154C1D32}.Debug|Any CPU.Build.0 = Debug|Any CPU
		{77013115-B0EC-BF4A-2D98-B474154C1D32}.Release|Any CPU.ActiveCfg = Release|Any CPU
		{77013115-B0EC-BF4A-2D98-B474154C1D32}.Release|Any CPU.Build.0 = Release|Any CPU
		{6D45E2C2-931F-6DAC-5F98-979738A01BF9}.Debug|Any CPU.ActiveCfg = Debug|Any CPU
		{6D45E2C2-931F-6DAC-5F98-979738A01BF9}.Debug|Any CPU.Build.0 = Debug|Any CPU
		{6D45E2C2-931F-6DAC-5F98-979738A01BF9}.Release|Any CPU.ActiveCfg = Release|Any CPU
		{6D45E2C2-931F-6DAC-5F98-979738A01BF9}.Release|Any CPU.Build.0 = Release|Any CPU
		{828F9EE2-5DC4-C067-30E8-2CF25D145371}.Debug|Any CPU.ActiveCfg = Debug|Any CPU
		{828F9EE2-5DC4-C067-30E8-2CF25D145371}.Debug|Any CPU.Build.0 = Debug|Any CPU
		{828F9EE2-5DC4-C067-30E8-2CF25D145371}.Release|Any CPU.ActiveCfg = Release|Any CPU
		{828F9EE2-5DC4-C067-30E8-2CF25D145371}.Release|Any CPU.Build.0 = Release|Any CPU
		{B402B14F-E45B-6C6C-67F0-DCC6C0198B61}.Debug|Any CPU.ActiveCfg = Debug|Any CPU
		{B402B14F-E45B-6C6C-67F0-DCC6C0198B61}.Debug|Any CPU.Build.0 = Debug|Any CPU
		{B402B14F-E45B-6C6C-67F0-DCC6C0198B61}.Release|Any CPU.ActiveCfg = Release|Any CPU
		{B402B14F-E45B-6C6C-67F0-DCC6C0198B61}.Release|Any CPU.Build.0 = Release|Any CPU
		{E6A4105D-DEBB-6B6C-7D0E-3CFD3003CB7E}.Debug|Any CPU.ActiveCfg = Debug|Any CPU
		{E6A4105D-DEBB-6B6C-7D0E-3CFD3003CB7E}.Debug|Any CPU.Build.0 = Debug|Any CPU
		{E6A4105D-DEBB-6B6C-7D0E-3CFD3003CB7E}.Release|Any CPU.ActiveCfg = Release|Any CPU
		{E6A4105D-DEBB-6B6C-7D0E-3CFD3003CB7E}.Release|Any CPU.Build.0 = Release|Any CPU
	EndGlobalSection
	GlobalSection(SolutionProperties) = preSolution
		HideSolutionNode = FALSE
	EndGlobalSection
EndGlobal
